# This file was autogenerated by uv via the following command:
#    uv export --locked --no-dev --no-emit-project --format requirements-txt --output-file requirements.lock
aiofiles==25.1.0 \
    --hash=sha256:a8d728f0a29de45dc521f18f07297428d56992a742f0cd2701ba86e44d23d5b2 \
    --hash=sha256:abe311e527c862958650f9438e859c1fa7568a141b22abcd015e120e86a85695
    # via aiogram
aiogram==3.31.0 \
    --hash=sha256:d889493c5917a867fc9da81fd6e6b3ae438e98bfe1b004fcdafe7400461a6c1b \
    --hash=sha256:f2c5064fe52d88898c86af62261c405440a014216e45dd99b2c6555a5602ce30
    # via sdp-downloader
aiohappyeyeballs==2.7.1 \
    --hash=sha256:065665c041c42a5938ed220bdcd7230f22527fbec085e1853d2402c8a3615d9d \
    --hash=sha256:9243213661e29250eb41368e5daa826fc017156c3b8a11440826b2e3ed376472
    # via aiohttp
aiohttp==3.14.3 \
    --hash=sha256:041badb8f84396357c4d3ad26de6afd7a32b112f43d3c63045c0c8278cfd2043 \
    --hash=sha256:0a5ff2dfbb9ce645fa5b8ef3e02c6c0b9cc3f6030ff863d0c51fffc50cb5541b \
    --hash=sha256:16100ad3ab8d649fdfbee87602d9d2dcdca9df0b9eda8a1b5fdc0d41f96da559 \
    --hash=sha256:33a2d7c28d33797a2e99923dffa63f83d908a19b6bf26cfe80fa790aa5e1a75a \
    --hash=sha256:362a3fd481769cac1a824514bcd86fda51c65e8fe6e051099e008fddde6db17c \
    --hash=sha256:39aded8c7f3b935b54aab1d8d73c70ec0ee2d3ec3b943e0e86611bc150ba47f5 \
    --hash=sha256:3a26434dafe408229ff3403458ca58de24fb51936504decac49ce6755f77e59d \
    --hash=sha256:530125ee1163c4219af35dc3aa1206e541e7b31b6efc1a3f93b70a136f65d427 \
    --hash=sha256:543906c127fb1d929b95076db19b83fa2d46751006ff1e23b093aa5ac4d8db42 \
    --hash=sha256:5bcb6ff3fdab1258a192679ff1a05d44f59626430aa05cd1a9d2447423599228 \
    --hash=sha256:617105e2c3018ee38d0c8ce5ee3c84f621a6d8b9f723202aacaff28449ca91ee \
    --hash=sha256:89176250f686cb9853c0fb7ead90e639e915b84a6f43eedc2a4e7ec21f1037f0 \
    --hash=sha256:8f2f1c4c032c7cedd7d8da6f54c97b70266c6570c3108d3fdffee7188bb70529 \
    --hash=sha256:9491196535a88924a60afd5b5f434b5b203b6cc616250878dbdb223a8f7844bc \
    --hash=sha256:a94dbaae5ae27bd849c93570669bff91e0510f33a80805738e3de72a7be0447b \
    --hash=sha256:c8653fd547c93a61aadc612007790f5555cdd18946fa48cf45e26d8ea4ea473d \
    --hash=sha256:d1558173930a5a8d3069cee5c92fc91c87c4dbcb099debbb3622053717145a19 \
    --hash=sha256:ea05e1f97ceea523942d9b2a7d7c0359d781d683d6b043f5943a602b14da4787 \
    --hash=sha256:f631fe87a6f30df5fbe6d79640b25e4cffb38c31c7fb6f10871517b84b0f8c1a
    # via aiogram
aiosignal==1.4.0 \
    --hash=sha256:053243f8b92b990551949e63930a839ff0cf0b0ebbe0597b0f3fb19e1a0fe82e \
    --hash=sha256:f47eecd9468083c2029cc99945502cb7708b082c232f9aca65da147157b251c7
    # via aiohttp
aiosqlite==0.22.1 \
    --hash=sha256:043e0bd78d32888c0a9ca90fc788b38796843360c855a7262a532813133a0650 \
    --hash=sha256:21c002eb13823fad740196c5a2e9d8e62f6243bd9e7e4a1f87fb5e44ecb4fceb
    # via sdp-downloader
annotated-types==0.8.0 \
    --hash=sha256:13b2beaad985e05e2d6407ee4c4f35590b11f8d693a258a561055cac8f64cab7 \
    --hash=sha256:f072f4d804ea359e4eaf198b1af7a8b0943881a87f31bb764f8bf219bb9419e0
    # via pydantic
attrs==26.1.0 \
    --hash=sha256:c647aa4a12dfbad9333ca4e71fe62ddc36f4e63b2d260a37a8b83d2f043ac309 \
    --hash=sha256:d03ceb89cb322a8fd706d4fb91940737b6642aa36998fe130a9bc96c985eff32
    # via aiohttp
bgutil-ytdlp-pot-provider==2.0.0 \
    --hash=sha256:22884c399802771ddfd9275bb05b178d67c89db67a1d5d1e17ed7f681956628e \
    --hash=sha256:dac2d1aeeac63218efe879e538e978d2efc088ed887124095e6fd6a09c3077df
    # via sdp-downloader
brotli==1.2.0 ; implementation_name == 'cpython' and sys_platform != 'ios' \
    --hash=sha256:072e7624b1fc4d601036ab3f4f27942ef772887e876beff0301d261210bca97f \
    --hash=sha256:260d3692396e1895c5034f204f0db022c056f9e2ac841593a4cf9426e2a3faca \
    --hash=sha256:35d382625778834a7f3061b15423919aa03e4f5da34ac8e02c074e4b75ab4f84 \
    --hash=sha256:7a47ce5c2288702e09dc22a44d0ee6152f2c7eda97b3c8482d826a1f3cfc7da7 \
    --hash=sha256:7a61c06b334bd99bc5ae84f1eeb36bfe01400264b3c352f968c6e30a10f9d08b \
    --hash=sha256:acec55bb7c90f1dfc476126f9711a8e81c9af7fb617409a9ee2953115343f08d \
    --hash=sha256:adedc4a67e15327dfdd04884873c6d5a01d3e3b6f61406f99b1ed4865a2f6d28 \
    --hash=sha256:af43b8711a8264bb4e7d6d9a6d004c3a2019c04c01127a868709ec29962b6036 \
    --hash=sha256:b35c13ce241abdd44cb8ca70683f20c0c079728a36a996297adb5334adfc1c44 \
    --hash=sha256:e310f77e41941c13340a95976fe66a8a95b01e783d430eeaf7a2f87e0a57dd0a \
    --hash=sha256:e99befa0b48f3cd293dafeacdd0d191804d105d279e0b387a32054c1180f3161
    # via yt-dlp
brotlicffi==1.2.0.2 ; implementation_name != 'cpython' \
    --hash=sha256:22916101de0e7ff535f2edf54b52a85591853b8ae9a98737643defdd3c063a3a \
    --hash=sha256:489ca4da3ee65926d72bf01584b61088a9da6bdd1bb01b2040901e1beaffa8f0 \
    --hash=sha256:5e0fbd13644cf1f6015e75fa5e0ad8fdce1048d9c9ff90b0ce826174b249ee35 \
    --hash=sha256:d5a8ffa154f16660ab818d78045b55fa6f9970f1ca4c38998766e99c672071cb \
    --hash=sha256:df1d34c4ad9adbf7f63a6b42f7d0e4dfd259c88141b85145b57abecc1abc3b24 \
    --hash=sha256:ec6b1af7b7a8ce788354f2c603651ada0fba166ec31ab879e2eec462a3e6dbf4
    # via yt-dlp
certifi==2026.7.22 \
    --hash=sha256:62f22742b58a1a33014a2b6b706588a8d7e2a88ae7bd1a6ebe8c992928483775 \
    --hash=sha256:741e2c3b351ddf169a738da9f2c048608ff7f2c5cc02f1ebc6b118bb090d5d55
    # via
    #   aiogram
    #   curl-cffi
    #   requests
    #   yt-dlp
cffi==2.1.1 \
    --hash=sha256:046bfc24911b37851ee1b51aab8bffe713d89c68c6a057b09484ce9fd5f69b4e \
    --hash=sha256:208f941bb9d18e768138677f0a6d2ce01f590df56043dda1df1535ac57c88517 \
    --hash=sha256:210019b6c7cf07f081b4c54635c8cf744377001350e29cc0f81c4377b4797735 \
    --hash=sha256:3143d81e29e1e20a9ce10901ec369012947876596f75a222235965f2b7ae832e \
    --hash=sha256:4a7c934f7360e8cd64fe9efadcbd10c7c6364f531e432b9a4bf5ccbc9e0e8b50 \
    --hash=sha256:68e62fe11f30d5ca8289242866f0a5291402d8529ca2178ab8afc5c9694ae890 \
    --hash=sha256:7bde5e4cc5c10140859842b9d383af292b22639a4dffb725314baf45968cef80 \
    --hash=sha256:811bd1e21d32de12efca32393a0ab3f5133b54fce9bd44b8bd77ab07da14bf6a \
    --hash=sha256:c1453022f490d2459a11819d83ad1d586e9ff65a12ac3e705ffebd46d3685dcf \
    --hash=sha256:c8c69575568085ba0b1b10c0249d779a214aea6f6522e949a0fc9fb0fcb449d0 \
    --hash=sha256:dd31f52ea1086513bb9df30f8fcee9b8918323ae067a3d5b78bc826a000712be \
    --hash=sha256:f53e442b08449d42821fa4a4fba000095af9f62742a500f978a9f557ec44339a \
    --hash=sha256:f81b3b8f3d4e343550fa4baa0e479bba9f2d29ce9c2e9b51d1ce1718d7442fcf
    # via
    #   brotlicffi
    #   curl-cffi
charset-normalizer==3.5.1 \
    --hash=sha256:1d1c7a53a6c2103925cdd6d7229f8c567379f211c869793df679f2e9f738c369 \
    --hash=sha256:2f293479cce755c75f1697e87c409b7ae4c555c7dfecb6e988ad13abba943031 \
    --hash=sha256:343fb4f2821043bd87095f7b08a1a181febc8e36ac64212143bbfd0a0e1bc235 \
    --hash=sha256:3588e376b3ea2eea84976f67273d679f229e24c66dce7b82ae45aef04ff6e072 \
    --hash=sha256:36047af20e17097c3bb9476c2b7655f2f7aa51322c0ba58c07695bedf755a950 \
    --hash=sha256:3617ac3cfd8b9888f145ad89dd6e692285834b0201c6074a5eeaad3fd4d668c2 \
    --hash=sha256:41876ee62a3dddf48ff1121ad8f0798032aa03f2fd35f21f34a4cab14f18d8d2 \
    --hash=sha256:4582c27e8c889d64811987b5967fbd3ae0c823fe1fd933b543d55ac20bb475fa \
    --hash=sha256:4abdc5f9ad448c1ecbfae2974b820535d6bc6e7eef63babbab3d81cf46968c71 \
    --hash=sha256:4b599739b93b2cbeded49645ae3c8d1405c29ddfbceac1545c87a3f9580a9e96 \
    --hash=sha256:4c4fb141a727957c93edfe5c32a26ceb6b5f6461d67146e2d39f51e16170bea8 \
    --hash=sha256:5b6d1386bf0096d26d3a863dc0a487a5b4eb9aa93cf5ba69683d29dde6b9d60f \
    --hash=sha256:5d8531a6569d025f68e2321e7638fb7978f23db58e5f69f56913837aae03816e \
    --hash=sha256:6117b84ea48435e5356dc737f5121485c30920ba43375fa7b434fd753df0eac3 \
    --hash=sha256:6df0ec430f9a831772c23ca5a224cba36517a58a84bb32c32bb59a9fa67c47f6 \
    --hash=sha256:70055ff39b97c99e7ae40ea3e393fb62aa2e44dbd9b29f8d14f42fb0025c3959 \
    --hash=sha256:7235dc28fc6dd9d832ac7c7bce95367dedb85929f17368a0c2bee1e080b9acbf \
    --hash=sha256:7c0c10730342b0c9b35dd1d619beb8214e520bd96a1f870f452680b238aab3e0 \
    --hash=sha256:87e4f41d375c0b9be2fb5251aee4b8a689169e134535aed81bf085c3b647451e \
    --hash=sha256:88e85ab89cb822c1e635f51d6d32e488f94e002e70e2f492bdb8b945543f345a \
    --hash=sha256:96fef3e886d6a9874b14f27fc193fbdc69d5d8035783d86aa4e1cea594e695f9 \
    --hash=sha256:a2028475ba855475b8b4d3cfeb4994269c967aea8b9892dfba907f4263a863a3 \
    --hash=sha256:a6dac12ff6b846103483683f60c5f8fee205121adc58ffd87e90a90a3af69e99 \
    --hash=sha256:aae2ee51122d3ae968a3837d97dc24a0aeebb0dea23694422cd172bd30017cd6 \
    --hash=sha256:ae4a097991662cd4fff0ddc74e0fe7874f82e00042fa0ea00855645ed0c79598 \
    --hash=sha256:b39b69b347e5e47a3b5b8cfc005c68c1ba347474e3960236c4944a8ecd174962 \
    --hash=sha256:b9af956078716df40d985fb0dfeb2c2120c5ca92ba4ff4b388acfd01cdc14d08 \
    --hash=sha256:ba501e667c17d8411f98e67a022d9604ef179aff0e459b7e292c796837c13573 \
    --hash=sha256:cee5dd7c6fb5dd52a0fe2a740f9bc6e3593f5f8b1788bde49de02086f30182b2 \
    --hash=sha256:cfa1c0cc3a8f9f53f1243a5a99ac36fd003880199383b37672e86ddda9cb07e2 \
    --hash=sha256:dd732602a7009217f658d5863d12d79d373a4de0eebc111094bcdd3bb8e0a6cc \
    --hash=sha256:e199fb99720074809a7720f1c0b4d919eea8b87e88713e0f8f602f7bef543d9d \
    --hash=sha256:e6621fb2a4988d6e53eedc455e5903e2679f3967b8acb3d639f1b63c14a2e893 \
    --hash=sha256:f9f8405c2c758532c74fed975dbee57be1f31a6e865c031870c79a6ed3212ada
    # via requests
curl-cffi==0.16.3 ; implementation_name == 'cpython' \
    --hash=sha256:0851e710608122a2716bdee35788bbd7e9d4a0fd42899b2bca9181277095af8e \
    --hash=sha256:0f1f6878863fba393801e4d59b2f2766d1983b5c9d9dfa11d4becfd6a74cc937 \
    --hash=sha256:1d7e553442cefec100dfd1fca4ae7035ab6c094457244bf60a38670b8ac8185d \
    --hash=sha256:20a7b1b473371cfaf2118958034977e457c6fa279fbd11543c9e0ab58be9eedd \
    --hash=sha256:5a2ba880019f9e5a9e8f38ae22de6e4ea4c8d34a51ae4f1a2fce962c7b632006 \
    --hash=sha256:60621b3f561346046dd62be33abfb50c8b88a8007699d6b11d39ad4755312c4a \
    --hash=sha256:a875a661e2f9a949be29454880bbb9553307a487c4c08819738298cf5c1622e2 \
    --hash=sha256:d15d0c2a35f2d75bec430c28946c2a833f421c85773bdb0795182cc5c515665b \
    --hash=sha256:d5a4103f2baa1fcf619ec3101b419827d367044ba106b206228137cc71a5a9c5 \
    --hash=sha256:f2795f0ef2e8cc0e6d702e52367af6600f5bcf10e44d683e256254adc7e3589f \
    --hash=sha256:f3b63da797912bc82911e34dfe449725514e4281527fb516931fc457087cfb44 \
    --hash=sha256:fe87b66e324ed7318166698e02169f3208dbda32b872a27d2bc61a9c19b335eb
    # via yt-dlp
frozenlist==1.8.0 \
    --hash=sha256:0c18a16eab41e82c295618a77502e17b195883241c563b00f0aa5106fc4eaa0d \
    --hash=sha256:229bf37d2e4acdaf808fd3f06e854a4a7a3661e871b10dc1f8f1896a3b05f18b \
    --hash=sha256:294e487f9ec720bd8ffcebc99d575f7eff3568a08a253d1ee1a0378754b74143 \
    --hash=sha256:34187385b08f866104f0c0617404c8eb08165ab1272e884abc89c112e9c00746 \
    --hash=sha256:3462dd9475af2025c31cc61be6652dfa25cbfb56cbbf52f4ccfe029f38decaf8 \
    --hash=sha256:3ede829ed8d842f6cd48fc7081d7a41001a56f1f38603f9d49bf3020d59a31ad \
    --hash=sha256:405e8fe955c2280ce66428b3ca55e12b3c4e9c336fb2103a4937e891c69a4a29 \
    --hash=sha256:433403ae80709741ce34038da08511d4a77062aa924baf411ef73d1146e74faf \
    --hash=sha256:494a5952b1c597ba44e0e78113a7266e656b9794eec897b19ead706bd7074383 \
    --hash=sha256:74c51543498289c0c43656701be6b077f4b265868fa7f8a8859c197006efb608 \
    --hash=sha256:776f352e8329135506a1d6bf16ac3f87bc25b28e765949282dcc627af36123aa \
    --hash=sha256:78f7b9e5d6f2fdb88cdde9440dc147259b62b9d3b019924def9f6478be254ac1 \
    --hash=sha256:908bd3f6439f2fef9e85031b59fd4f1297af54415fb60e4254a95f75b3cab3f3 \
    --hash=sha256:96f423a119f4777a4a056b66ce11527366a8bb92f54e541ade21f2374433f6d4 \
    --hash=sha256:c4c800524c9cd9bac5166cd6f55285957fcfc907db323e193f2afcd4d9abd69b \
    --hash=sha256:d6a5df73acd3399d893dafc71663ad22534b5aa4f94e8a2fabfe856c3c1b6a52 \
    --hash=sha256:f833670942247a14eafbb675458b4e61c82e002a148f49e68257b79296e865c4 \
    --hash=sha256:fe3c58d2f5db5fbd18c2987cba06d51b0529f52bc3a6cdc33d3f4eab725104bd
    # via
    #   aiohttp
    #   aiosignal
idna==3.20 \
    --hash=sha256:a7db850025b95ded1eae8a46181a1a6c56c92c96f0e2b005d9ff8dc0210cab44 \
    --hash=sha256:ab7ae7122974553370f0bdb919e1a960b2cd1bc1ef0276416d896db81c14582c
    # via
    #   requests
    #   yarl
magic-filter==1.0.12 \
    --hash=sha256:4751d0b579a5045d1dc250625c4c508c18c3def5ea6afaf3957cb4530d03f7f9 \
    --hash=sha256:e5929e544f310c2b1f154318db8c5cdf544dd658efa998172acd2e4ba0f6c6a6
    # via aiogram
multidict==6.9.0 \
    --hash=sha256:0db5bf96ec2ce45a8bc7fbbe8a486089969bb2791a66b6789ee3aed0d5dd562e \
    --hash=sha256:11e32ccf23cdbfcf8299a6a825930a858ec9a6aa05d6752d0f90f2bdf19489e1 \
    --hash=sha256:2ea72901860ccbe94517421681c60b13533ce03ba2f7bd96293c3a4d16ac4ccb \
    --hash=sha256:3ec1e387b1f8a85ae5b94aa8c4e0576912ffa4d31bd0578f24c950d4f05ee476 \
    --hash=sha256:408fac672931f2458be3bc8c89d9facd16dac2aad17c7cee2ca1693eee99f07e \
    --hash=sha256:4bb769ccc72e15d7d441e1a08f169d418376be77cdc387e813129c26b357fe50 \
    --hash=sha256:57c2445049f7d8e66306f712868219da7ff7168ef42263dc032401211bf1205c \
    --hash=sha256:640113258c5925a9eed2c12523410b25565ac5df2fa6735fbae88fb09bcdd212 \
    --hash=sha256:67bed23e9803945b0760650ec3e903af772c49abe869f3bc03c66b2e7649d5ef \
    --hash=sha256:6a5111a2bd824c821a3dd09da29680391b0caaa18fea7761358f4001e6898d1c \
    --hash=sha256:8e991677c4bdc5d9f2e71c74717a4e32cfe98930ca05becdf722b5eae1329d6a \
    --hash=sha256:8f06c4da5315a6f709b13408c3e13f3b475f8c559ec7608c3c67062512871235 \
    --hash=sha256:95d339c3b75b4a50c665bdcf8417428cd71c3e5cd48e194cb1d336fcb856beac \
    --hash=sha256:bb69b724c345420ba49187a17a894f146099f5b2e501df42ddb4452ac8be37fa \
    --hash=sha256:c7ab60b91e11b25e7682c5cd8763fdd17929ea83f234ba441091f1492e631ea3 \
    --hash=sha256:cff3cff5a725bdb8359962de8d7429aea592d7693dbd197eeabbdfab9b6300e9 \
    --hash=sha256:d7d32c0543494efbc9394e2b571725071d08e295993486bc9a43f6f89375ee01 \
    --hash=sha256:e4826f6b56456fb1e98111d7bc20cbdc7fa0a41b1f9ad80ff2dd3f2f5b226fe1 \
    --hash=sha256:e71a072c52c78b7f97cd4611df6cef10977e4f2367cd0654a7626192f931adde \
    --hash=sha256:f93c9058a0eceac0df2ce9d4c8823b84786ee598194753c2ca0c100224405e47 \
    --hash=sha256:fca5b74b5909c29041f857c40d51d9273636fb4221cf020e4c452deb1c448a40 \
    --hash=sha256:fdd484b84d3394e805689c56be3ab1f877ae7ff0eb9ff90a3ee7a755cbebab4f
    # via
    #   aiohttp
    #   yarl
mutagen==1.48.1 \
    --hash=sha256:4f077fe87d3fc7fba259aa63d8c026b18382ca6a42ef37c61e16f1b1b5b82fe7 \
    --hash=sha256:8f95637ab9f6f305cec6bd1294e197debe207998e3e068596563c74f86b0a173
    # via yt-dlp
propcache==0.5.4 \
    --hash=sha256:2814ecd8e818f487bee4b0f921bc4d1c176cc5fc71ac0f072d0fa67eda4ac14b \
    --hash=sha256:4fbc1a15dc8cd1689508758d626b372b1f09d28d9577667feaf9e6bfcd8efcbc \
    --hash=sha256:60a64cbccaa11b7760ce705a14ada17ba459e7ca9f23ba587eb013821032d7ef \
    --hash=sha256:62c60aec739ed00124573cce1178138fd690c7676352d67a37328c1cf51d7468 \
    --hash=sha256:6af4693716bfb03f1752ef1b30faa593db2c01d5272e9b8564a1549452a979ab \
    --hash=sha256:7ffafcbfc7b549ab940047e505c831eabac5e67de53e1bc174adbc5285c55944 \
    --hash=sha256:87a3caecf8095e48dc72f84bfa42e23a848cf410cc9cc13031fba4869b706a21 \
    --hash=sha256:8876b39961e33d912afe3c1bee18ee564fdad0206f873cc15d522756b7f50737 \
    --hash=sha256:8a235f73d6e020855dc29dff012d920c02ee0feab8d73a24185a7569f4be1161 \
    --hash=sha256:98914de2c4d7f0f9f4a8c6ea4bf05841f4175796941e3ef7d47eb718f22311fb \
    --hash=sha256:9a2a8a50a93dee0268a860a07fa3b4bd968f8ce4dbd794957da772f395368526 \
    --hash=sha256:a4d7a54719b67338a305dca2ce6aafe366817df94ddfd4b5514374356f5ca546 \
    --hash=sha256:a74bfa37147cc08fb29df10bd9c16f40fa7f860cd3a6d2fff853323a94f6e17f \
    --hash=sha256:b28f41fa3b8c6900457f858ec5b03998f3a6d535fbc1bb2edec5961ea05ec429 \
    --hash=sha256:b3083bfe87f95c756e610bd8025f26cbd1cd4aaa03a422f2d65efb7a97cd53d8 \
    --hash=sha256:cdee8205a44d0be91bbac4c41b95d86641b72dfc7aef1279400e4fda3f26a937 \
    --hash=sha256:d1f5a500bfcbb2c0ab85e98a0dcd70f5899d34efe365a0187700369a79603031 \
    --hash=sha256:dcbf346a318a5e30063f547630b02bb787ce2f45b6368d5da143660b6a3835d8 \
    --hash=sha256:ff6b113f50bc066a698db5d944d2c6dc7507168dd3341e255a8892fd0715a558
    # via
    #   aiohttp
    #   yarl
pycparser==3.0 ; implementation_name != 'PyPy' \
    --hash=sha256:600f49d217304a5902ac3c37e1281c9fe94e4d0489de643a9504c5cdfdfc6b29 \
    --hash=sha256:b727414169a36b7d524c1c3e31839a521725078d7b2ff038656844266160a992
    # via cffi
pycryptodomex==3.23.0 \
    --hash=sha256:02d87b80778c171445d67e23d1caef279bf4b25c3597050ccd2e13970b57fd51 \
    --hash=sha256:06698f957fe1ab229a99ba2defeeae1c09af185baa909a31a5d1f9d42b1aaed6 \
    --hash=sha256:189afbc87f0b9f158386bf051f720e20fa6145975f1e76369303d0f31d1a8d7c \
    --hash=sha256:43c446e2ba8df8889e0e16f02211c25b4934898384c1ec1ec04d7889c0333587 \
    --hash=sha256:52e5ca58c3a0b0bd5e100a9fbc8015059b05cffc6c66ce9d98b4b45e023443b9 \
    --hash=sha256:55ccbe27f049743a4caf4f4221b166560d3438d0b1e5ab929e07ae1702a4d6fd \
    --hash=sha256:6bbcb1dd0f646484939e142462d9e532482bc74475cecf9c4903d4e1cd21f003 \
    --hash=sha256:71909758f010c82bc99b0abf4ea12012c98962fbf0583c2164f8b84533c2e4da \
    --hash=sha256:8a4fcd42ccb04c31268d1efeecfccfd1249612b4de6374205376b8f280321744 \
    --hash=sha256:b2c2537863eccef2d41061e82a881dcabb04944c5c06c5aa7110b577cc487545 \
    --hash=sha256:bdc69d0d3d989a1029df0eed67cc5e8e5d968f3724f4519bd03e0ec68df7543c \
    --hash=sha256:f489c4765093fb60e2edafdf223397bc716491b2b69fe74367b70d6999257a5c
    # via yt-dlp
pydantic==2.13.5 \
    --hash=sha256:346a034f080da3755d8e9cb5e00e8b07de1d39e4f6e2c87d8ab7cafa0b269a73 \
    --hash=sha256:51a9c5f7b2f8e636f04c6cada605d9b6a3bf1348fdf945a3d8869b19bba0ee08
    # via
    #   aiogram
    #   pydantic-settings
    #   sdp-downloader
pydantic-core==2.46.5 \
    --hash=sha256:013d6f3483d81e02e7c328831808f336c8596ee33b4bd4026b9ffb1e960b8942 \
    --hash=sha256:0fc5be0abd4a407e200d844b404e33639a554e7bd0d448e7b9ae181be4789ac2 \
    --hash=sha256:10416c15b8839ecc4ef4d0885da76da6fd0f67333a0eb8aff6d93c4b8f2910fc \
    --hash=sha256:18a09e1e1011b462f2e32774f25859ef1223d5c2b0546a633cf56654710721e0 \
    --hash=sha256:2bc9419666990c06d7397831f2126a1ecc3594aaa3ff7de5bf2d066802f4e07b \
    --hash=sha256:347ec774390c87326a2e4929d58d3f7e8763a104d5d35f4cd595a4c952366433 \
    --hash=sha256:4fdc8b93a41521988916eeaa271173fcca7fa0803d62f87675aac8dcec1c8e29 \
    --hash=sha256:5cb482e9e84c851f4e623fe4acc1ced89168cf1fe18f7089db4548c8f5bbb65b \
    --hash=sha256:5e81740c09e310f5aa5cbd3e434a01c154d4bef93241c7877b39f211d2b78ba8 \
    --hash=sha256:816ff0a6550ffc06c098ccd2e0698600f9aa7da192a79eaa6f9af504a35db869 \
    --hash=sha256:8e24d8f05fa2d28513d94e877e9c75ad66175376209b3977f916e240e623193c \
    --hash=sha256:a39ac25a9a2fa4072efdb429833c4a4c8009a51ff9eea3eeae131713cd27991e \
    --hash=sha256:b98134087d9de723658d17a42c7d0da8d6e2ef08015dee7dc93889047315f5e4 \
    --hash=sha256:b9fe6fb92520e3fd61f2e49000b6911b188824f089b75973ea06d6267f0b476d \
    --hash=sha256:c7ea57fc63aa7da93a1bd2d644e6577befae10c52c4e36377635eea1056a74f5 \
    --hash=sha256:d925f3d9afd05a8c0fb3a1031463a8d59ebe5e2afad297e29c78be19e13b4e62 \
    --hash=sha256:e652ab17569c94bff5475520f907b7148b8c24036a8ebbe5cf7cf7493d28579a \
    --hash=sha256:e9c134bb666dd54b778b9fc0d2b50cbb7f979b9e3716f26a88c9ab3b6fc1dd0f \
    --hash=sha256:efd62a42486f1bda5d24cb4f63d15a3c7768375fe83d36f9417b4ad7a2fb20b3 \
    --hash=sha256:f7b0ec93a2893de856652154d73b7ba622f26fa97726487dcac373de5f4c6084
    # via pydantic
pydantic-settings==2.15.0 \
    --hash=sha256:0ba092c291c94baceb5eff768aa0d56400a457585bc0175925a5a5510303da42 \
    --hash=sha256:694b793e84f766ba76a90ebdefc01d0a9a045dab0382bee70393da93712ad117
    # via sdp-downloader
python-dotenv==1.2.3 \
    --hash=sha256:904552145e8bfed22162c09dab1c2b9b54fefa7b23ba780f4f26ca0316b0f0d9 \
    --hash=sha256:a20a594dabeaa385725aa239d5244871c143ecb356add8a20fcf23773a6c3a35
    # via pydantic-settings
requests==2.34.2 \
    --hash=sha256:2a0d60c172f83ac6ab31e4554906c0f3b3588d37b5cb939b1c061f4907e278e0 \
    --hash=sha256:f288924cae4e29463698d6d60bc6a4da69c89185ad1e0bcc4104f584e960b9ed
    # via yt-dlp
typing-extensions==4.16.0 \
    --hash=sha256:481caa481374e813c1b176ada14e97f1f67a4539ce9cfeb3f350d78d6370c2e8 \
    --hash=sha256:dc983d19a509c94dba722ee6abd33940f7c05a89e243c47e907eb4db6f1a43e5
    # via
    #   aiogram
    #   aiohttp
    #   aiosignal
    #   pydantic
    #   pydantic-core
    #   typing-inspection
typing-inspection==0.4.4 \
    --hash=sha256:547274fa6b0a561ccf549cc9524b999a578e737d015d8709d021f9d0d13bea47 \
    --hash=sha256:65b8397ba37ccbce054456aaccddfc91e6e3083c92824df348d96ca832f3f147
    # via
    #   pydantic
    #   pydantic-settings
urllib3==2.8.0 \
    --hash=sha256:0cf3cae568d36aa9576b28dfb35f11328f1cb974ca7647d9475ebb86c75ac6e3 \
    --hash=sha256:63bf2ead4c879426ebf22ef2a781eeb4aa3b4ae798a0435506f8687fd5bb9b63
    # via
    #   requests
    #   yt-dlp
websockets==17.1 \
    --hash=sha256:0c863507ada5805517ca6dff1c524dcd42942efe6304dacf06700878398d21a6 \
    --hash=sha256:0de501b7f2db11e83739ac20e2d33d46da4604b829f506c24be80e7def069391 \
    --hash=sha256:581fa678ef46f4277cc8491312468e582f8ad609dbab907ba6096a08c6a0ff98 \
    --hash=sha256:5aefe78e6a3077fe22b5e64b04666a85a3eb8b934d40e8595a693adcbceb6f11 \
    --hash=sha256:5f051f8030a51815dc00e24bd2e5f1435af095c1cc111d747ac6e2a3620d7641 \
    --hash=sha256:617243e19a0992095956f406ee9cd3bc4ba92862d83cb1d83bb59ce574412bec \
    --hash=sha256:655a8e28010f09fd6fa317e857afab3af7647f33e41dee88fa421e92086d1090 \
    --hash=sha256:677014a073bcb1fbaa7e21144786864f16c08f856d66834f611eceb9006cbab8 \
    --hash=sha256:76dd004f59115087c7b700474cb18f01325e37250032e19396c08ae41448e4b3 \
    --hash=sha256:7e724f843fa6a0614aece65a7c73e51d0f4412ca41dccac13c3caf98e69536bb \
    --hash=sha256:87f0d5e77548b0c40c8464cdb6108792e7e53f487c6400028a4ec28a8afbe5ab \
    --hash=sha256:882af300d2c6a092b93767d5de03c7bb56dfb06314140c8e872d3f48e09f7b74 \
    --hash=sha256:9f4a08ff7cb68c27b18e09223cc6304e01d0f82d5a240d251266dfd2e6e44729 \
    --hash=sha256:acfea4c20bf54384883ea33b1240fc1db4f52e190823a4e2b334bc3e8bfca96a \
    --hash=sha256:ccbf3f4a9890d50b3a08ee04029fde30a03bfdeffaa19977628bf17251764e60 \
    --hash=sha256:d41ef69d5416fbc1d98cf96c37be6192d10fd101c3e0f8b3ddc36e09432b3c08 \
    --hash=sha256:dc2b79afc074d2f3e64b26539350f697fe1b85ea1c49ea24eb588f247b053ce1 \
    --hash=sha256:e4bd7eacb87d8cf3ed70d6392c770a0d92441f05d7d2a3efafb5bc171d5e3067 \
    --hash=sha256:eec113a5b41d124ef42ff56b0d74a6da3fd986400038eab9e58ee42a4024e837 \
    --hash=sha256:f221081107b8c48184d99f7019604486376e7ef826037e70aad6b02540732c23 \
    --hash=sha256:f62114a54117e4948a1e414e89521f7fe1e3c2f83f2a571a06a4fc6718b0900a \
    --hash=sha256:f64e001bb7fa89b9f32cfa600bf8e9ac8ca26759d9b92ae01453ee303d9cd7b4
    # via yt-dlp
yarl==1.25.1 \
    --hash=sha256:03dd38de09bc213e9a8b29761eec33ee1d5318dac0e49d8af36e4d27830e23a7 \
    --hash=sha256:419f392a1da624877975709e3864dfe833af6cc7671b39318086d456e288380c \
    --hash=sha256:4d781294bb815ecb5ea57ff6bbf8038e0a31a95fdf3e1788f66e0dc100d64b58 \
    --hash=sha256:681c758b0490f9e96b78e5fa8e8dc6e648e9185bb6eaebe73183c33ea0c445f3 \
    --hash=sha256:68782fdb4027b8d1eee25ec35e9a6db05e863b899eb0310b3a33b6c3fef55707 \
    --hash=sha256:7d575b54cb3863ef9bc290ea4b009999d55dc237326131e4853cf33e888fee03 \
    --hash=sha256:7e4de3ac4adbad3d0bc7c6f4360a7dbff5de2f15e3b723be3198074e17fd9c40 \
    --hash=sha256:80e47012e730da131c9f059c80936783f9659aae22dc31c03c0595590d11ed54 \
    --hash=sha256:83d4a37e4b95da4d8bda930d6d35b75b4cdadbacbb4980cae290ea3100b5d51d \
    --hash=sha256:94d7aa6debf92a1dd14cb5280b083a764169a13cfb23a452111160274ed989f4 \
    --hash=sha256:af4ea5b37403ef4e30f3927eaed540db942bde01d8d3ff083527c0704d1c9c68 \
    --hash=sha256:bc3ac7bf569f6b64dad04dd7808c7872dae8a97df657856eac05e9b7e3614a85 \
    --hash=sha256:c6f117789d22dce188e5754e8bc65b7e6ebf8cb73963b9fa761f672a5883769d \
    --hash=sha256:cce0727fd5ac04d372fa9bbfde9febc2bcf209aadfcf0468e45dec72719895d1 \
    --hash=sha256:e029648f9c951db30e98a7d7ec90835db88ec4b32820efe2a9bdc2287e032eb6 \
    --hash=sha256:e12c538e00e7c1b286a07061046b90e8124e6a9793efae2c70db6a4aad07faad \
    --hash=sha256:e546fe1d4a93ebc2910f0d768baff19faa09843ab3f2036a67ed6e69fae4419d \
    --hash=sha256:e80f557716fd765439577131e526b8942ffc2c07bdbc5e39fa62f660ba1e963f \
    --hash=sha256:f61964f235a43738bfac50da46fc4254943a7eea3051aeb0b6fc7c992c29fadc
    # via aiohttp
yt-dlp==2026.8.19 \
    --hash=sha256:1d57897e94c6665a0a6f9bc54b34e584284e32c034ffab3a7df25d8f7b24eedf \
    --hash=sha256:9e213e48cea35c66b378e4447903f118f6392a5fa380a2b6d7070ec86f4e0af1
    # via sdp-downloader
yt-dlp-ejs==0.8.0 \
    --hash=sha256:79300e5fca7f937a1eeede11f0456862c1b41107ce1d726871e0207424f4bdb4 \
    --hash=sha256:d5fa1639f63b5c4af8d932495f60689d5370f1a095782c944f7f62a303eb104e
    # via yt-dlp
